
Microsoft Visual Studio Solution File, Format Version 12.00
# Visual Studio 15
VisualStudioVersion = 15.0.26403.7
MinimumVisualStudioVersion = 10.0.40219.1
Project("{FAE04EC0-301F-11D3-BF4B-00C04F79EFBC}") = "BakeryPR", "BakeryPR\BakeryPR.csproj", "{7CF7E1B1-AADC-4821-8E0C-FAE49B5D87B6}"
EndProject
Project("{FAE04EC0-301F-11D3-BF4B-00C04F79EFBC}") = "LsLibrary", "LsLibrary\LsLibrary.csproj", "{BAEFE06A-711D-4608-AC48-06A4888B8177}"
EndProject
Global
	GlobalSection(SolutionConfigurationPlatforms) = preSolution
		Debug|Any CPU = Debug|Any CPU
		Release|Any CPU = Release|Any CPU
	EndGlobalSection
	GlobalSection(ProjectConfigurationPlatforms) = postSolution
		{7CF7E1B1-AADC-4821-8E0C-FAE49B5D87B6}.Debug|Any CPU.ActiveCfg = Debug|Any CPU
		{7CF7E1B1-AADC-4821-8E0C-FAE49B5D87B6}.Debug|Any CPU.Build.0 = Debug|Any CPU
		{7CF7E1B1-AADC-4821-8E0C-FAE49B5D87B6}.Release|Any CPU.ActiveCfg = Release|Any CPU
		{7CF7E1B1-AADC-4821-8E0C-FAE49B5D87B6}.Release|Any CPU.Build.0 = Release|Any CPU
		{BAEFE06A-711D-4608-AC48-06A4888B8177}.Debug|Any CPU.ActiveCfg = Debug|Any CPU
		{BAEFE06A-711D-4608-AC48-06A4888B8177}.Debug|Any CPU.Build.0 = Debug|Any CPU
		{BAEFE06A-711D-4608-AC48-06A4888B8177}.Release|Any CPU.ActiveCfg = Release|Any CPU
		{BAEFE06A-711D-4608-AC48-06A4888B8177}.Release|Any CPU.Build.0 = Release|Any CPU
	EndGlobalSection
	GlobalSection(SolutionProperties) = preSolution
		HideSolutionNode = FALSE
	EndGlobalSection
EndGlobal
